
Microsoft Visual Studio Solution File, Format Version 12.00
# Visual Studio Version 17
VisualStudioVersion = 17.9.34622.214
MinimumVisualStudioVersion = 10.0.40219.1
Project("{9A19103F-16F7-4668-BE54-9A1E7A4F7556}") = "ProductAPI", "ProductAPI\ProductAPI.csproj", "{CE72A88E-657E-4B99-B21A-EE6255163F5D}"
EndProject
Project("{9A19103F-16F7-4668-BE54-9A1E7A4F7556}") = "UnitTest", "UnitTest\UnitTest.csproj", "{AC59F505-9A58-457C-9020-CDACCB61ECFA}"
EndProject
Project("{9A19103F-16F7-4668-BE54-9A1E7A4F7556}") = "Entities", "Entities\Entities.csproj", "{1C4F95A5-9CB7-43CE-9D94-38411C8BD47A}"
EndProject
Project("{9A19103F-16F7-4668-BE54-9A1E7A4F7556}") = "Services", "Services\Services.csproj", "{838790C3-5108-46B7-8731-BD455584D846}"
EndProject
Project("{9A19103F-16F7-4668-BE54-9A1E7A4F7556}") = "Repositories", "Repositories\Repositories.csproj", "{C391655C-CC1B-40A1-976A-474C4848D349}"
EndProject
Project("{2150E333-8FDC-42A3-9474-1A3956D46DE8}") = "Solution Items", "Solution Items", "{AA3F51A5-DB28-4995-AA5F-827465865350}"
EndProject
Global
	GlobalSection(SolutionConfigurationPlatforms) = preSolution
		Debug|Any CPU = Debug|Any CPU
		Release|Any CPU = Release|Any CPU
	EndGlobalSection
	GlobalSection(ProjectConfigurationPlatforms) = postSolution
		{CE72A88E-657E-4B99-B21A-EE6255163F5D}.Debug|Any CPU.ActiveCfg = Debug|Any CPU
		{CE72A88E-657E-4B99-B21A-EE6255163F5D}.Debug|Any CPU.Build.0 = Debug|Any CPU
		{CE72A88E-657E-4B99-B21A-EE6255163F5D}.Release|Any CPU.ActiveCfg = Release|Any CPU
		{CE72A88E-657E-4B99-B21A-EE6255163F5D}.Release|Any CPU.Build.0 = Release|Any CPU
		{AC59F505-9A58-457C-9020-CDACCB61ECFA}.Debug|Any CPU.ActiveCfg = Debug|Any CPU
		{AC59F505-9A58-457C-9020-CDACCB61ECFA}.Debug|Any CPU.Build.0 = Debug|Any CPU
		{AC59F505-9A58-457C-9020-CDACCB61ECFA}.Release|Any CPU.ActiveCfg = Release|Any CPU
		{AC59F505-9A58-457C-9020-CDACCB61ECFA}.Release|Any CPU.Build.0 = Release|Any CPU
		{1C4F95A5-9CB7-43CE-9D94-38411C8BD47A}.Debug|Any CPU.ActiveCfg = Debug|Any CPU
		{1C4F95A5-9CB7-43CE-9D94-38411C8BD47A}.Debug|Any CPU.Build.0 = Debug|Any CPU
		{1C4F95A5-9CB7-43CE-9D94-38411C8BD47A}.Release|Any CPU.ActiveCfg = Release|Any CPU
		{1C4F95A5-9CB7-43CE-9D94-38411C8BD47A}.Release|Any CPU.Build.0 = Release|Any CPU
		{838790C3-5108-46B7-8731-BD455584D846}.Debug|Any CPU.ActiveCfg = Debug|Any CPU
		{838790C3-5108-46B7-8731-BD455584D846}.Debug|Any CPU.Build.0 = Debug|Any CPU
		{838790C3-5108-46B7-8731-BD455584D846}.Release|Any CPU.ActiveCfg = Release|Any CPU
		{838790C3-5108-46B7-8731-BD455584D846}.Release|Any CPU.Build.0 = Release|Any CPU
		{C391655C-CC1B-40A1-976A-474C4848D349}.Debug|Any CPU.ActiveCfg = Debug|Any CPU
		{C391655C-CC1B-40A1-976A-474C4848D349}.Debug|Any CPU.Build.0 = Debug|Any CPU
		{C391655C-CC1B-40A1-976A-474C4848D349}.Release|Any CPU.ActiveCfg = Release|Any CPU
		{C391655C-CC1B-40A1-976A-474C4848D349}.Release|Any CPU.Build.0 = Release|Any CPU
	EndGlobalSection
	GlobalSection(SolutionProperties) = preSolution
		HideSolutionNode = FALSE
	EndGlobalSection
	GlobalSection(ExtensibilityGlobals) = postSolution
		SolutionGuid = {D42CE7DC-9D8F-4D34-8D03-47D59905DF33}
	EndGlobalSection
EndGlobal
